{
  "nodes": {
    "ghc-wasm-meta": {
      "inputs": {
        "nixpkgs": [
          "nixpkgs"
        ]
      },
      "locked": {
        "host": "gitlab.haskell.org",
        "lastModified": 1736866853,
        "narHash": "sha256-VLE/sfVKjG4QqpJ3WcBvd1sQo3ry4cKQMfO0FkEKEJY=",
        "owner": "haskell-wasm",
        "repo": "ghc-wasm-meta",
        "rev": "58df522c13e30a9bb1a6f8b5c8b61e1bcf0e4a1f",
        "type": "gitlab"
      },
      "original": {
        "host": "gitlab.haskell.org",
        "owner": "haskell-wasm",
        "repo": "ghc-wasm-meta",
        "type": "gitlab"
      }
    },
    "nixpkgs": {
      "locked": {
        "lastModified": 1759670914,
        "narHash": "sha256-OqtWAY6T9nXxYePea0L+TUF9NjEw71cKlyaIinu11wM=",
        "owner": "NixOS",
        "repo": "nixpkgs",
        "rev": "15ed8f7638116135ac9d3bd4353c482e7c539e0f",
        "type": "github"
      },
      "original": {
        "owner": "NixOS",
        "ref": "nixos-unstable",
        "repo": "nixpkgs",
        "type": "github"
      }
    },
    "root": {
      "inputs": {
        "ghc-wasm-meta": "ghc-wasm-meta",
        "nixpkgs": "nixpkgs"
      }
    }
  },
  "root": "root",
  "version": 7
}
