{
  "nodes": {
    "nixpkgs": {
      "locked": {
        "lastModified": 1757449886,
        "narHash": "sha256-XNhjHidr4i581CVyufJtrleYYgn/55cQONYG3uvIYEY=",
        "owner": "NixOS",
        "repo": "nixpkgs",
        "rev": "1779f9e0d8b45d88d7525665dd4d2a5b65041248",
        "type": "github"
      },
      "original": {
        "owner": "NixOS",
        "repo": "nixpkgs",
        "rev": "1779f9e0d8b45d88d7525665dd4d2a5b65041248",
        "type": "github"
      }
    },
    "root": {
      "inputs": {
        "nixpkgs": "nixpkgs"
      }
    }
  },
  "root": "root",
  "version": 7
}
